
Microsoft Visual Studio Solution File, Format Version 10.00
# Visual Studio 2008
Project("{D183A3D8-5FD8-494B-B014-37F57B35E655}") = "AlimentationVcimOracle", "AlimentationVcimOracle.dtproj", "{1D9B7BDF-DC97-4457-B6C5-03FEB9F01CBA}"
EndProject
Global
	GlobalSection(SolutionConfigurationPlatforms) = preSolution
		Development|Default = Development|Default
	EndGlobalSection
	GlobalSection(ProjectConfigurationPlatforms) = postSolution
		{1D9B7BDF-DC97-4457-B6C5-03FEB9F01CBA}.Development|Default.ActiveCfg = Development
		{1D9B7BDF-DC97-4457-B6C5-03FEB9F01CBA}.Development|Default.Build.0 = Development
	EndGlobalSection
	GlobalSection(SolutionProperties) = preSolution
		HideSolutionNode = FALSE
	EndGlobalSection
EndGlobal
